{
  "name": "fake-apk-detector",
  "version": "1.0.0",
  "lockfileVersion": 3,
  "requires": true,
  "packages": {
    "": {
      "name": "fake-apk-detector",
      "version": "1.0.0",
      "dependencies": {
        "apk-parser3": "^1.0.7",
        "cors": "^2.8.5",
        "express": "^4.18.2",
        "multer": "^1.4.5-lts.1"
      }
    },
    "node_modules/apk-parser3": {
      "version": "1.0.7",
      "resolved": "https://registry.npmjs.org/apk-parser3/-/apk-parser3-1.0.7.tgz",
      "integrity": "sha512-GCO1D+R9P0fLtt/JjPRdBXMEmZyAj+9tLaITq8Tbhbg1ez+9OcyAJU5Ymr8aZk0C0rV1MQT9uWxBk+ZBSuJeLQ=="
    },
    "node_modules/express": {
      "version": "4.18.2",
      "resolved": "https://registry.npmjs.org/express/-/express-4.18.2.tgz",
      "integrity": "sha512-5/P+glOWpPGU5mA4FbDl3Csz4P5oaO9blM5fdC/mUeFkF1R1RYDcl6PstQhUUkZbpZJMWMiLEx7xj3B1v+8DoA=="
    },
    "node_modules/multer": {
      "version": "1.4.5-lts.1",
      "resolved": "https://registry.npmjs.org/multer/-/multer-1.4.5-lts.1.tgz",
      "integrity": "sha512-CXxXfM5UuQ1JX8FCkLCgQeYJ5JlBpJrB+3e7K9r3eE6x+AdZTj0ZqYkAJZ1UghnDHoMLa4Yq86g9ey4bnjD5FQ=="
    },
    "node_modules/cors": {
      "version": "2.8.5",
      "resolved": "https://registry.npmjs.org/cors/-/cors-2.8.5.tgz",
      "integrity": "sha512-KC7G1pA0l5zEAlu2jHMSJk9o6mT2YXb+V5ho+PtwbU0jDCLVqkK+ewt1F1RaNmjksz77xVUyN+xbG8jC/+fV0A=="
    }
  }
}
